
Microsoft Visual Studio Solution File, Format Version 12.00
# Visual Studio Version 16
VisualStudioVersion = 16.0.30011.22
MinimumVisualStudioVersion = 10.0.40219.1
Project("{FAE04EC0-301F-11D3-BF4B-00C04F79EFBC}") = "AssistantLawyer", "AssistantLawyer\AssistantLawyer.csproj", "{154CD347-9E64-4432-9B9C-923D09454489}"
EndProject
Global
	GlobalSection(SolutionConfigurationPlatforms) = preSolution
		Debug|Any CPU = Debug|Any CPU
		Release|Any CPU = Release|Any CPU
	EndGlobalSection
	GlobalSection(ProjectConfigurationPlatforms) = postSolution
		{154CD347-9E64-4432-9B9C-923D09454489}.Debug|Any CPU.ActiveCfg = Debug|Any CPU
		{154CD347-9E64-4432-9B9C-923D09454489}.Debug|Any CPU.Build.0 = Debug|Any CPU
		{154CD347-9E64-4432-9B9C-923D09454489}.Release|Any CPU.ActiveCfg = Release|Any CPU
		{154CD347-9E64-4432-9B9C-923D09454489}.Release|Any CPU.Build.0 = Release|Any CPU
	EndGlobalSection
	GlobalSection(SolutionProperties) = preSolution
		HideSolutionNode = FALSE
	EndGlobalSection
	GlobalSection(ExtensibilityGlobals) = postSolution
		SolutionGuid = {5C4BA2CC-D23C-4124-BE54-98DDF4A88B77}
	EndGlobalSection
EndGlobal
